
Microsoft Visual Studio Solution File, Format Version 12.00
# Visual Studio Version 16
VisualStudioVersion = 16.0.30717.126
MinimumVisualStudioVersion = 10.0.40219.1
Project("{FAE04EC0-301F-11D3-BF4B-00C04F79EFBC}") = "ProjeCore", "ProjeCore\ProjeCore.csproj", "{0F695901-4E19-4F57-A00B-B1F6CA892C30}"
EndProject
Global
	GlobalSection(SolutionConfigurationPlatforms) = preSolution
		Debug|Any CPU = Debug|Any CPU
		Release|Any CPU = Release|Any CPU
	EndGlobalSection
	GlobalSection(ProjectConfigurationPlatforms) = postSolution
		{0F695901-4E19-4F57-A00B-B1F6CA892C30}.Debug|Any CPU.ActiveCfg = Debug|Any CPU
		{0F695901-4E19-4F57-A00B-B1F6CA892C30}.Debug|Any CPU.Build.0 = Debug|Any CPU
		{0F695901-4E19-4F57-A00B-B1F6CA892C30}.Release|Any CPU.ActiveCfg = Release|Any CPU
		{0F695901-4E19-4F57-A00B-B1F6CA892C30}.Release|Any CPU.Build.0 = Release|Any CPU
	EndGlobalSection
	GlobalSection(SolutionProperties) = preSolution
		HideSolutionNode = FALSE
	EndGlobalSection
	GlobalSection(ExtensibilityGlobals) = postSolution
		SolutionGuid = {22A5EA70-4A2B-409B-BF2B-9F7A35A75D25}
	EndGlobalSection
EndGlobal
